
Microsoft Visual Studio Solution File, Format Version 12.00
Project("{FAE04EC0-301F-11D3-BF4B-00C04F79EFBC}") = "Mostlylucid", "Mostlylucid\Mostlylucid.csproj", "{8E41D6C3-E042-4C06-B700-A00D6210B0E7}"
EndProject
Project("{2150E333-8FDC-42A3-9474-1A3956D46DE8}") = "Solution Items", "Solution Items", "{3BB90B7A-9D1A-4BF7-B070-5940BDC00C3A}"
	ProjectSection(SolutionItems) = preProject
		docker-compose.yml = docker-compose.yml
	EndProjectSection
EndProject
Global
	GlobalSection(SolutionConfigurationPlatforms) = preSolution
		Debug|Any CPU = Debug|Any CPU
		Release|Any CPU = Release|Any CPU
	EndGlobalSection
	GlobalSection(ProjectConfigurationPlatforms) = postSolution
		{8E41D6C3-E042-4C06-B700-A00D6210B0E7}.Debug|Any CPU.ActiveCfg = Debug|Any CPU
		{8E41D6C3-E042-4C06-B700-A00D6210B0E7}.Debug|Any CPU.Build.0 = Debug|Any CPU
		{8E41D6C3-E042-4C06-B700-A00D6210B0E7}.Release|Any CPU.ActiveCfg = Release|Any CPU
		{8E41D6C3-E042-4C06-B700-A00D6210B0E7}.Release|Any CPU.Build.0 = Release|Any CPU
	EndGlobalSection
EndGlobal
